
Microsoft Visual Studio Solution File, Format Version 12.00
Project("{FAE04EC0-301F-11D3-BF4B-00C04F79EFBC}") = "Vars.Deducer", "Vars.Deducer\Vars.Deducer.csproj", "{3BA4ECFC-6594-4438-ADC4-58D62145118F}"
EndProject
Project("{FAE04EC0-301F-11D3-BF4B-00C04F79EFBC}") = "Vars.Deducer.Test", "Vars.Deducer.Test\Vars.Deducer.Test.csproj", "{4161FF7F-9DA2-4E82-9AA6-9AB2442FFC16}"
EndProject
Project("{FAE04EC0-301F-11D3-BF4B-00C04F79EFBC}") = "Vars.Deducer.Server", "Vars.Deducer.Server\Vars.Deducer.Server.csproj", "{BB29974C-0037-42B4-9235-29C3F9B52E25}"
EndProject
Project("{FAE04EC0-301F-11D3-BF4B-00C04F79EFBC}") = "Vars.Deducer.StandAlone", "Vars.Deducer.StandAlone\Vars.Deducer.StandAlone.csproj", "{E1824736-F03C-4F91-A005-A1DDE13F07EE}"
EndProject
Global
	GlobalSection(SolutionConfigurationPlatforms) = preSolution
		Debug|Any CPU = Debug|Any CPU
		Release|Any CPU = Release|Any CPU
	EndGlobalSection
	GlobalSection(ProjectConfigurationPlatforms) = postSolution
		{3BA4ECFC-6594-4438-ADC4-58D62145118F}.Debug|Any CPU.ActiveCfg = Debug|Any CPU
		{3BA4ECFC-6594-4438-ADC4-58D62145118F}.Debug|Any CPU.Build.0 = Debug|Any CPU
		{3BA4ECFC-6594-4438-ADC4-58D62145118F}.Release|Any CPU.ActiveCfg = Release|Any CPU
		{3BA4ECFC-6594-4438-ADC4-58D62145118F}.Release|Any CPU.Build.0 = Release|Any CPU
		{4161FF7F-9DA2-4E82-9AA6-9AB2442FFC16}.Debug|Any CPU.ActiveCfg = Debug|Any CPU
		{4161FF7F-9DA2-4E82-9AA6-9AB2442FFC16}.Debug|Any CPU.Build.0 = Debug|Any CPU
		{4161FF7F-9DA2-4E82-9AA6-9AB2442FFC16}.Release|Any CPU.ActiveCfg = Release|Any CPU
		{4161FF7F-9DA2-4E82-9AA6-9AB2442FFC16}.Release|Any CPU.Build.0 = Release|Any CPU
		{BB29974C-0037-42B4-9235-29C3F9B52E25}.Debug|Any CPU.ActiveCfg = Debug|Any CPU
		{BB29974C-0037-42B4-9235-29C3F9B52E25}.Debug|Any CPU.Build.0 = Debug|Any CPU
		{BB29974C-0037-42B4-9235-29C3F9B52E25}.Release|Any CPU.ActiveCfg = Release|Any CPU
		{BB29974C-0037-42B4-9235-29C3F9B52E25}.Release|Any CPU.Build.0 = Release|Any CPU
		{E1824736-F03C-4F91-A005-A1DDE13F07EE}.Debug|Any CPU.ActiveCfg = Debug|Any CPU
		{E1824736-F03C-4F91-A005-A1DDE13F07EE}.Debug|Any CPU.Build.0 = Debug|Any CPU
		{E1824736-F03C-4F91-A005-A1DDE13F07EE}.Release|Any CPU.ActiveCfg = Release|Any CPU
		{E1824736-F03C-4F91-A005-A1DDE13F07EE}.Release|Any CPU.Build.0 = Release|Any CPU
	EndGlobalSection
EndGlobal
